// !$*UTF8*$!
{
	archiveVersion = 1;
	classes = {
	};
	objectVersion = 55;
	objects = {

/* Begin PBXBuildFile section */
		4498386D27664CF500F88177 /* NavigationListView.swift in Sources */ = {isa = PBXBuildFile; fileRef = 4498386C27664CF500F88177 /* NavigationListView.swift */; };
		44C019812767D8CB001E4A4A /* MamaBearBowlView.swift in Sources */ = {isa = PBXBuildFile; fileRef = 44C019802767D8CB001E4A4A /* MamaBearBowlView.swift */; };
		44C019842767E5DB001E4A4A /* CelsiusToFahrenheitView.swift in Sources */ = {isa = PBXBuildFile; fileRef = 44C019832767E5DB001E4A4A /* CelsiusToFahrenheitView.swift */; };
		44DBC3162766C75B000A45C8 /* OutputValueView.swift in Sources */ = {isa = PBXBuildFile; fileRef = 44DBC3152766C75B000A45C8 /* OutputValueView.swift */; };
		44DBC31A2766C7E9000A45C8 /* ParallelogramView.swift in Sources */ = {isa = PBXBuildFile; fileRef = 44DBC3192766C7E9000A45C8 /* ParallelogramView.swift */; };
		44DBC31C2766C822000A45C8 /* DiagramView.swift in Sources */ = {isa = PBXBuildFile; fileRef = 44DBC31B2766C822000A45C8 /* DiagramView.swift */; };
		44DBC31F2766C890000A45C8 /* SectionLabelView.swift in Sources */ = {isa = PBXBuildFile; fileRef = 44DBC31D2766C88F000A45C8 /* SectionLabelView.swift */; };
		44DBC3202766C890000A45C8 /* SliderValueView.swift in Sources */ = {isa = PBXBuildFile; fileRef = 44DBC31E2766C88F000A45C8 /* SliderValueView.swift */; };
		44DBC3222766C8D8000A45C8 /* FiguresListView.swift in Sources */ = {isa = PBXBuildFile; fileRef = 44DBC3212766C8D8000A45C8 /* FiguresListView.swift */; };
		44DBC3242766C8F4000A45C8 /* ContentView.swift in Sources */ = {isa = PBXBuildFile; fileRef = 44DBC3232766C8F4000A45C8 /* ContentView.swift */; };
		44DBC3262766C90D000A45C8 /* SphereView.swift in Sources */ = {isa = PBXBuildFile; fileRef = 44DBC3252766C90D000A45C8 /* SphereView.swift */; };
		44DBC3282766C921000A45C8 /* CircleView.swift in Sources */ = {isa = PBXBuildFile; fileRef = 44DBC3272766C921000A45C8 /* CircleView.swift */; };
		44F6461C2767F53200E56AB2 /* GuessingGame.swift in Sources */ = {isa = PBXBuildFile; fileRef = 44F6461B2767F53200E56AB2 /* GuessingGame.swift */; };
		44F6FE4F2764F1C200D679E1 /* MacOSAppApp.swift in Sources */ = {isa = PBXBuildFile; fileRef = 44F6FE4E2764F1C200D679E1 /* MacOSAppApp.swift */; };
		44F6FE532764F1C400D679E1 /* Assets.xcassets in Resources */ = {isa = PBXBuildFile; fileRef = 44F6FE522764F1C400D679E1 /* Assets.xcassets */; };
		44F6FE562764F1C400D679E1 /* Preview Assets.xcassets in Resources */ = {isa = PBXBuildFile; fileRef = 44F6FE552764F1C400D679E1 /* Preview Assets.xcassets */; };
		44F6FE7A2764F31F00D679E1 /* FlashCardsView.swift in Sources */ = {isa = PBXBuildFile; fileRef = 44F6FE792764F31F00D679E1 /* FlashCardsView.swift */; };
		44F6FE7C2764F38300D679E1 /* FlashCardModel.swift in Sources */ = {isa = PBXBuildFile; fileRef = 44F6FE7B2764F38300D679E1 /* FlashCardModel.swift */; };
		4A19550927BDCE7800BB367A /* LottieView.swift in Sources */ = {isa = PBXBuildFile; fileRef = 4A19550827BDCE7800BB367A /* LottieView.swift */; };
		4A2D9D3E27BC13C50034DB52 /* 42593-hitting-head-with-a-bat.json in Resources */ = {isa = PBXBuildFile; fileRef = 4A2D9D3C27BC13C40034DB52 /* 42593-hitting-head-with-a-bat.json */; };
		4A2D9D3F27BC13C50034DB52 /* 51926-happy.json in Resources */ = {isa = PBXBuildFile; fileRef = 4A2D9D3D27BC13C50034DB52 /* 51926-happy.json */; };
		4A2D9D4627BC13E10034DB52 /* CheckAnswerButtonView.swift in Sources */ = {isa = PBXBuildFile; fileRef = 4A2D9D4027BC13E10034DB52 /* CheckAnswerButtonView.swift */; };
		4A2D9D4827BC13E10034DB52 /* AnswerTextView.swift in Sources */ = {isa = PBXBuildFile; fileRef = 4A2D9D4227BC13E10034DB52 /* AnswerTextView.swift */; };
		4A2D9D4927BC13E10034DB52 /* QuestionPresentationView.swift in Sources */ = {isa = PBXBuildFile; fileRef = 4A2D9D4327BC13E10034DB52 /* QuestionPresentationView.swift */; };
		4A2D9D4A27BC13E10034DB52 /* AnswerAndResultView.swift in Sources */ = {isa = PBXBuildFile; fileRef = 4A2D9D4427BC13E10034DB52 /* AnswerAndResultView.swift */; };
		4A2D9D4B27BC13E10034DB52 /* AnimationsAbstractionView.swift in Sources */ = {isa = PBXBuildFile; fileRef = 4A2D9D4527BC13E10034DB52 /* AnimationsAbstractionView.swift */; };
		4A2D9D5027BC13FC0034DB52 /* MultiplicationView.swift in Sources */ = {isa = PBXBuildFile; fileRef = 4A2D9D4C27BC13FB0034DB52 /* MultiplicationView.swift */; };
		4A2D9D5127BC13FC0034DB52 /* AdditionView.swift in Sources */ = {isa = PBXBuildFile; fileRef = 4A2D9D4D27BC13FB0034DB52 /* AdditionView.swift */; };
		4A2D9D5227BC13FC0034DB52 /* SubtractionView.swift in Sources */ = {isa = PBXBuildFile; fileRef = 4A2D9D4E27BC13FB0034DB52 /* SubtractionView.swift */; };
		4A2D9D5327BC13FC0034DB52 /* DivisionView.swift in Sources */ = {isa = PBXBuildFile; fileRef = 4A2D9D4F27BC13FC0034DB52 /* DivisionView.swift */; };
		4A2D9D5627BC172B0034DB52 /* ArithmaticAceTabView.swift in Sources */ = {isa = PBXBuildFile; fileRef = 4A2D9D5527BC172B0034DB52 /* ArithmaticAceTabView.swift */; };
		4A2D9D5D27BC192F0034DB52 /* animation_640_kzhjq6k3.gif in Resources */ = {isa = PBXBuildFile; fileRef = 4A2D9D5B27BC192F0034DB52 /* animation_640_kzhjq6k3.gif */; };
		4A2D9D5E27BC192F0034DB52 /* animation_640_kzhiwjiu.gif in Resources */ = {isa = PBXBuildFile; fileRef = 4A2D9D5C27BC192F0034DB52 /* animation_640_kzhiwjiu.gif */; };
		4AE87FC927B429E100A55DEB /* Lottie in Frameworks */ = {isa = PBXBuildFile; productRef = 4AE87FC827B429E100A55DEB /* Lottie */; };
/* End PBXBuildFile section */

/* Begin PBXFileReference section */
		4498386C27664CF500F88177 /* NavigationListView.swift */ = {isa = PBXFileReference; lastKnownFileType = sourcecode.swift; path = NavigationListView.swift; sourceTree = "<group>"; };
		44C019802767D8CB001E4A4A /* MamaBearBowlView.swift */ = {isa = PBXFileReference; fileEncoding = 4; lastKnownFileType = sourcecode.swift; path = MamaBearBowlView.swift; sourceTree = "<group>"; };
		44C019832767E5DB001E4A4A /* CelsiusToFahrenheitView.swift */ = {isa = PBXFileReference; fileEncoding = 4; lastKnownFileType = sourcecode.swift; path = CelsiusToFahrenheitView.swift; sourceTree = "<group>"; };
		44DBC3152766C75B000A45C8 /* OutputValueView.swift */ = {isa = PBXFileReference; lastKnownFileType = sourcecode.swift; path = OutputValueView.swift; sourceTree = "<group>"; };
		44DBC3192766C7E9000A45C8 /* ParallelogramView.swift */ = {isa = PBXFileReference; lastKnownFileType = sourcecode.swift; path = ParallelogramView.swift; sourceTree = "<group>"; };
		44DBC31B2766C822000A45C8 /* DiagramView.swift */ = {isa = PBXFileReference; lastKnownFileType = sourcecode.swift; path = DiagramView.swift; sourceTree = "<group>"; };
		44DBC31D2766C88F000A45C8 /* SectionLabelView.swift */ = {isa = PBXFileReference; fileEncoding = 4; lastKnownFileType = sourcecode.swift; path = SectionLabelView.swift; sourceTree = "<group>"; };
		44DBC31E2766C88F000A45C8 /* SliderValueView.swift */ = {isa = PBXFileReference; fileEncoding = 4; lastKnownFileType = sourcecode.swift; path = SliderValueView.swift; sourceTree = "<group>"; };
		44DBC3212766C8D8000A45C8 /* FiguresListView.swift */ = {isa = PBXFileReference; fileEncoding = 4; lastKnownFileType = sourcecode.swift; path = FiguresListView.swift; sourceTree = "<group>"; };
		44DBC3232766C8F4000A45C8 /* ContentView.swift */ = {isa = PBXFileReference; fileEncoding = 4; lastKnownFileType = sourcecode.swift; path = ContentView.swift; sourceTree = "<group>"; };
		44DBC3252766C90D000A45C8 /* SphereView.swift */ = {isa = PBXFileReference; fileEncoding = 4; lastKnownFileType = sourcecode.swift; path = SphereView.swift; sourceTree = "<group>"; };
		44DBC3272766C921000A45C8 /* CircleView.swift */ = {isa = PBXFileReference; fileEncoding = 4; lastKnownFileType = sourcecode.swift; path = CircleView.swift; sourceTree = "<group>"; };
		44F6461B2767F53200E56AB2 /* GuessingGame.swift */ = {isa = PBXFileReference; fileEncoding = 4; lastKnownFileType = sourcecode.swift; path = GuessingGame.swift; sourceTree = "<group>"; };
		44F6FE4B2764F1C200D679E1 /* MacOSApp.app */ = {isa = PBXFileReference; explicitFileType = wrapper.application; includeInIndex = 0; path = MacOSApp.app; sourceTree = BUILT_PRODUCTS_DIR; };
		44F6FE4E2764F1C200D679E1 /* MacOSAppApp.swift */ = {isa = PBXFileReference; lastKnownFileType = sourcecode.swift; path = MacOSAppApp.swift; sourceTree = "<group>"; };
		44F6FE522764F1C400D679E1 /* Assets.xcassets */ = {isa = PBXFileReference; lastKnownFileType = folder.assetcatalog; path = Assets.xcassets; sourceTree = "<group>"; };
		44F6FE552764F1C400D679E1 /* Preview Assets.xcassets */ = {isa = PBXFileReference; lastKnownFileType = folder.assetcatalog; path = "Preview Assets.xcassets"; sourceTree = "<group>"; };
		44F6FE572764F1C400D679E1 /* MacOSApp.entitlements */ = {isa = PBXFileReference; lastKnownFileType = text.plist.entitlements; path = MacOSApp.entitlements; sourceTree = "<group>"; };
		44F6FE792764F31F00D679E1 /* FlashCardsView.swift */ = {isa = PBXFileReference; lastKnownFileType = sourcecode.swift; path = FlashCardsView.swift; sourceTree = "<group>"; };
		44F6FE7B2764F38300D679E1 /* FlashCardModel.swift */ = {isa = PBXFileReference; lastKnownFileType = sourcecode.swift; path = FlashCardModel.swift; sourceTree = "<group>"; };
		4A19550827BDCE7800BB367A /* LottieView.swift */ = {isa = PBXFileReference; fileEncoding = 4; lastKnownFileType = sourcecode.swift; path = LottieView.swift; sourceTree = "<group>"; };
		4A2D9D3C27BC13C40034DB52 /* 42593-hitting-head-with-a-bat.json */ = {isa = PBXFileReference; fileEncoding = 4; lastKnownFileType = text.json; path = "42593-hitting-head-with-a-bat.json"; sourceTree = "<group>"; };
		4A2D9D3D27BC13C50034DB52 /* 51926-happy.json */ = {isa = PBXFileReference; fileEncoding = 4; lastKnownFileType = text.json; path = "51926-happy.json"; sourceTree = "<group>"; };
		4A2D9D4027BC13E10034DB52 /* CheckAnswerButtonView.swift */ = {isa = PBXFileReference; fileEncoding = 4; lastKnownFileType = sourcecode.swift; path = CheckAnswerButtonView.swift; sourceTree = "<group>"; };
		4A2D9D4227BC13E10034DB52 /* AnswerTextView.swift */ = {isa = PBXFileReference; fileEncoding = 4; lastKnownFileType = sourcecode.swift; path = AnswerTextView.swift; sourceTree = "<group>"; };
		4A2D9D4327BC13E10034DB52 /* QuestionPresentationView.swift */ = {isa = PBXFileReference; fileEncoding = 4; lastKnownFileType = sourcecode.swift; path = QuestionPresentationView.swift; sourceTree = "<group>"; };
		4A2D9D4427BC13E10034DB52 /* AnswerAndResultView.swift */ = {isa = PBXFileReference; fileEncoding = 4; lastKnownFileType = sourcecode.swift; path = AnswerAndResultView.swift; sourceTree = "<group>"; };
		4A2D9D4527BC13E10034DB52 /* AnimationsAbstractionView.swift */ = {isa = PBXFileReference; fileEncoding = 4; lastKnownFileType = sourcecode.swift; path = AnimationsAbstractionView.swift; sourceTree = "<group>"; };
		4A2D9D4C27BC13FB0034DB52 /* MultiplicationView.swift */ = {isa = PBXFileReference; fileEncoding = 4; lastKnownFileType = sourcecode.swift; path = MultiplicationView.swift; sourceTree = "<group>"; };
		4A2D9D4D27BC13FB0034DB52 /* AdditionView.swift */ = {isa = PBXFileReference; fileEncoding = 4; lastKnownFileType = sourcecode.swift; path = AdditionView.swift; sourceTree = "<group>"; };
		4A2D9D4E27BC13FB0034DB52 /* SubtractionView.swift */ = {isa = PBXFileReference; fileEncoding = 4; lastKnownFileType = sourcecode.swift; path = SubtractionView.swift; sourceTree = "<group>"; };
		4A2D9D4F27BC13FC0034DB52 /* DivisionView.swift */ = {isa = PBXFileReference; fileEncoding = 4; lastKnownFileType = sourcecode.swift; path = DivisionView.swift; sourceTree = "<group>"; };
		4A2D9D5527BC172B0034DB52 /* ArithmaticAceTabView.swift */ = {isa = PBXFileReference; lastKnownFileType = sourcecode.swift; path = ArithmaticAceTabView.swift; sourceTree = "<group>"; };
		4A2D9D5B27BC192F0034DB52 /* animation_640_kzhjq6k3.gif */ = {isa = PBXFileReference; lastKnownFileType = image.gif; path = animation_640_kzhjq6k3.gif; sourceTree = "<group>"; };
		4A2D9D5C27BC192F0034DB52 /* animation_640_kzhiwjiu.gif */ = {isa = PBXFileReference; lastKnownFileType = image.gif; path = animation_640_kzhiwjiu.gif; sourceTree = "<group>"; };
/* End PBXFileReference section */

/* Begin PBXFrameworksBuildPhase section */
		44F6FE482764F1C200D679E1 /* Frameworks */ = {
			isa = PBXFrameworksBuildPhase;
			buildActionMask = 2147483647;
			files = (
				4AE87FC927B429E100A55DEB /* Lottie in Frameworks */,
			);
			runOnlyForDeploymentPostprocessing = 0;
		};
/* End PBXFrameworksBuildPhase section */

/* Begin PBXGroup section */
		4498386B27664C7600F88177 /* FlashCards */ = {
			isa = PBXGroup;
			children = (
				44F6FE772764F2D300D679E1 /* Model */,
				44F6FE782764F2D800D679E1 /* Views */,
			);
			path = FlashCards;
			sourceTree = "<group>";
		};
		44C0197F2767D895001E4A4A /* MamaBearBowl */ = {
			isa = PBXGroup;
			children = (
				44C019802767D8CB001E4A4A /* MamaBearBowlView.swift */,
			);
			path = MamaBearBowl;
			sourceTree = "<group>";
		};
		44C019822767E557001E4A4A /* Temperature Converter */ = {
			isa = PBXGroup;
			children = (
				44C019832767E5DB001E4A4A /* CelsiusToFahrenheitView.swift */,
			);
			path = "Temperature Converter";
			sourceTree = "<group>";
		};
		44DBC3122766C6F4000A45C8 /* FiguresHelper */ = {
			isa = PBXGroup;
			children = (
				44DBC3132766C72A000A45C8 /* Views */,
			);
			path = FiguresHelper;
			sourceTree = "<group>";
		};
		44DBC3132766C72A000A45C8 /* Views */ = {
			isa = PBXGroup;
			children = (
				44DBC3212766C8D8000A45C8 /* FiguresListView.swift */,
				44DBC3182766C7BF000A45C8 /* Slider Shapes */,
				44DBC3172766C7AB000A45C8 /* Text Field Shapes */,
				44DBC3142766C72F000A45C8 /* Helpers */,
			);
			path = Views;
			sourceTree = "<group>";
		};
		44DBC3142766C72F000A45C8 /* Helpers */ = {
			isa = PBXGroup;
			children = (
				44DBC31D2766C88F000A45C8 /* SectionLabelView.swift */,
				44DBC31E2766C88F000A45C8 /* SliderValueView.swift */,
				44DBC3152766C75B000A45C8 /* OutputValueView.swift */,
				44DBC31B2766C822000A45C8 /* DiagramView.swift */,
			);
			path = Helpers;
			sourceTree = "<group>";
		};
		44DBC3172766C7AB000A45C8 /* Text Field Shapes */ = {
			isa = PBXGroup;
			children = (
				44DBC3272766C921000A45C8 /* CircleView.swift */,
				44DBC3252766C90D000A45C8 /* SphereView.swift */,
			);
			path = "Text Field Shapes";
			sourceTree = "<group>";
		};
		44DBC3182766C7BF000A45C8 /* Slider Shapes */ = {
			isa = PBXGroup;
			children = (
				44DBC3232766C8F4000A45C8 /* ContentView.swift */,
				44DBC3192766C7E9000A45C8 /* ParallelogramView.swift */,
			);
			path = "Slider Shapes";
			sourceTree = "<group>";
		};
		44F6461A2767F4F700E56AB2 /* GuessingGame */ = {
			isa = PBXGroup;
			children = (
				44F6461B2767F53200E56AB2 /* GuessingGame.swift */,
			);
			path = GuessingGame;
			sourceTree = "<group>";
		};
		44F6461E2767F6A400E56AB2 /* Thread 2 Tools */ = {
			isa = PBXGroup;
			children = (
				44F6461A2767F4F700E56AB2 /* GuessingGame */,
				44C019822767E557001E4A4A /* Temperature Converter */,
				44C0197F2767D895001E4A4A /* MamaBearBowl */,
				44DBC3122766C6F4000A45C8 /* FiguresHelper */,
				4498386B27664C7600F88177 /* FlashCards */,
			);
			path = "Thread 2 Tools";
			sourceTree = "<group>";
		};
		44F6FE422764F1C200D679E1 = {
			isa = PBXGroup;
			children = (
				44F6FE4D2764F1C200D679E1 /* MacOSApp */,
				44F6FE4C2764F1C200D679E1 /* Products */,
			);
			sourceTree = "<group>";
		};
		44F6FE4C2764F1C200D679E1 /* Products */ = {
			isa = PBXGroup;
			children = (
				44F6FE4B2764F1C200D679E1 /* MacOSApp.app */,
			);
			name = Products;
			sourceTree = "<group>";
		};
		44F6FE4D2764F1C200D679E1 /* MacOSApp */ = {
			isa = PBXGroup;
			children = (
				4A2D9D5427BC17040034DB52 /* Navigation List Helpers */,
				44F6FE4E2764F1C200D679E1 /* MacOSAppApp.swift */,
				4498386C27664CF500F88177 /* NavigationListView.swift */,
				44F6461E2767F6A400E56AB2 /* Thread 2 Tools */,
				4AE87FB627B41F5C00A55DEB /* Thread 3 Tools */,
				44F6FE522764F1C400D679E1 /* Assets.xcassets */,
				44F6FE572764F1C400D679E1 /* MacOSApp.entitlements */,
				44F6FE542764F1C400D679E1 /* Preview Content */,
			);
			path = MacOSApp;
			sourceTree = "<group>";
		};
		44F6FE542764F1C400D679E1 /* Preview Content */ = {
			isa = PBXGroup;
			children = (
				44F6FE552764F1C400D679E1 /* Preview Assets.xcassets */,
			);
			path = "Preview Content";
			sourceTree = "<group>";
		};
		44F6FE772764F2D300D679E1 /* Model */ = {
			isa = PBXGroup;
			children = (
				44F6FE7B2764F38300D679E1 /* FlashCardModel.swift */,
			);
			path = Model;
			sourceTree = "<group>";
		};
		44F6FE782764F2D800D679E1 /* Views */ = {
			isa = PBXGroup;
			children = (
				44F6FE792764F31F00D679E1 /* FlashCardsView.swift */,
			);
			path = Views;
			sourceTree = "<group>";
		};
		4A2D9D3927BC13490034DB52 /* Views */ = {
			isa = PBXGroup;
			children = (
				4A2D9D4D27BC13FB0034DB52 /* AdditionView.swift */,
				4A2D9D4F27BC13FC0034DB52 /* DivisionView.swift */,
				4A2D9D4C27BC13FB0034DB52 /* MultiplicationView.swift */,
				4A2D9D4E27BC13FB0034DB52 /* SubtractionView.swift */,
			);
			path = Views;
			sourceTree = "<group>";
		};
		4A2D9D3A27BC138A0034DB52 /* Helpers */ = {
			isa = PBXGroup;
			children = (
				4A19550827BDCE7800BB367A /* LottieView.swift */,
				4A2D9D4527BC13E10034DB52 /* AnimationsAbstractionView.swift */,
				4A2D9D4427BC13E10034DB52 /* AnswerAndResultView.swift */,
				4A2D9D4227BC13E10034DB52 /* AnswerTextView.swift */,
				4A2D9D4027BC13E10034DB52 /* CheckAnswerButtonView.swift */,
				4A2D9D4327BC13E10034DB52 /* QuestionPresentationView.swift */,
			);
			path = Helpers;
			sourceTree = "<group>";
		};
		4A2D9D3B27BC13910034DB52 /* Animations */ = {
			isa = PBXGroup;
			children = (
				4A2D9D5C27BC192F0034DB52 /* animation_640_kzhiwjiu.gif */,
				4A2D9D5B27BC192F0034DB52 /* animation_640_kzhjq6k3.gif */,
				4A2D9D3C27BC13C40034DB52 /* 42593-hitting-head-with-a-bat.json */,
				4A2D9D3D27BC13C50034DB52 /* 51926-happy.json */,
			);
			path = Animations;
			sourceTree = "<group>";
		};
		4A2D9D5427BC17040034DB52 /* Navigation List Helpers */ = {
			isa = PBXGroup;
			children = (
				4A2D9D5527BC172B0034DB52 /* ArithmaticAceTabView.swift */,
			);
			path = "Navigation List Helpers";
			sourceTree = "<group>";
		};
		4A2D9D5F27BC90470034DB52 /* ArithmeticAce */ = {
			isa = PBXGroup;
			children = (
				4A2D9D3B27BC13910034DB52 /* Animations */,
				4A2D9D3A27BC138A0034DB52 /* Helpers */,
				4A2D9D3927BC13490034DB52 /* Views */,
			);
			path = ArithmeticAce;
			sourceTree = "<group>";
		};
		4AE87FB627B41F5C00A55DEB /* Thread 3 Tools */ = {
			isa = PBXGroup;
			children = (
				4A2D9D5F27BC90470034DB52 /* ArithmeticAce */,
			);
			path = "Thread 3 Tools";
			sourceTree = "<group>";
		};
/* End PBXGroup section */

/* Begin PBXNativeTarget section */
		44F6FE4A2764F1C200D679E1 /* MacOSApp */ = {
			isa = PBXNativeTarget;
			buildConfigurationList = 44F6FE5A2764F1C400D679E1 /* Build configuration list for PBXNativeTarget "MacOSApp" */;
			buildPhases = (
				44F6FE472764F1C200D679E1 /* Sources */,
				44F6FE482764F1C200D679E1 /* Frameworks */,
				44F6FE492764F1C200D679E1 /* Resources */,
			);
			buildRules = (
			);
			dependencies = (
			);
			name = MacOSApp;
			packageProductDependencies = (
				4AE87FC827B429E100A55DEB /* Lottie */,
			);
			productName = MacOSApp;
			productReference = 44F6FE4B2764F1C200D679E1 /* MacOSApp.app */;
			productType = "com.apple.product-type.application";
		};
/* End PBXNativeTarget section */

/* Begin PBXProject section */
		44F6FE432764F1C200D679E1 /* Project object */ = {
			isa = PBXProject;
			attributes = {
				BuildIndependentTargetsInParallel = 1;
				LastSwiftUpdateCheck = 1310;
				LastUpgradeCheck = 1310;
				TargetAttributes = {
					44F6FE4A2764F1C200D679E1 = {
						CreatedOnToolsVersion = 13.1;
					};
				};
			};
			buildConfigurationList = 44F6FE462764F1C200D679E1 /* Build configuration list for PBXProject "MacOSApp" */;
			compatibilityVersion = "Xcode 13.0";
			developmentRegion = en;
			hasScannedForEncodings = 0;
			knownRegions = (
				en,
				Base,
			);
			mainGroup = 44F6FE422764F1C200D679E1;
			packageReferences = (
				4AE87FC727B429E100A55DEB /* XCRemoteSwiftPackageReference "lottie-ios" */,
			);
			productRefGroup = 44F6FE4C2764F1C200D679E1 /* Products */;
			projectDirPath = "";
			projectRoot = "";
			targets = (
				44F6FE4A2764F1C200D679E1 /* MacOSApp */,
			);
		};
/* End PBXProject section */

/* Begin PBXResourcesBuildPhase section */
		44F6FE492764F1C200D679E1 /* Resources */ = {
			isa = PBXResourcesBuildPhase;
			buildActionMask = 2147483647;
			files = (
				44F6FE562764F1C400D679E1 /* Preview Assets.xcassets in Resources */,
				44F6FE532764F1C400D679E1 /* Assets.xcassets in Resources */,
				4A2D9D3F27BC13C50034DB52 /* 51926-happy.json in Resources */,
				4A2D9D3E27BC13C50034DB52 /* 42593-hitting-head-with-a-bat.json in Resources */,
				4A2D9D5D27BC192F0034DB52 /* animation_640_kzhjq6k3.gif in Resources */,
				4A2D9D5E27BC192F0034DB52 /* animation_640_kzhiwjiu.gif in Resources */,
			);
			runOnlyForDeploymentPostprocessing = 0;
		};
/* End PBXResourcesBuildPhase section */

/* Begin PBXSourcesBuildPhase section */
		44F6FE472764F1C200D679E1 /* Sources */ = {
			isa = PBXSourcesBuildPhase;
			buildActionMask = 2147483647;
			files = (
				4A2D9D4B27BC13E10034DB52 /* AnimationsAbstractionView.swift in Sources */,
				44C019812767D8CB001E4A4A /* MamaBearBowlView.swift in Sources */,
				4A2D9D4627BC13E10034DB52 /* CheckAnswerButtonView.swift in Sources */,
				44F6FE7C2764F38300D679E1 /* FlashCardModel.swift in Sources */,
				44DBC3242766C8F4000A45C8 /* ContentView.swift in Sources */,
				44DBC31F2766C890000A45C8 /* SectionLabelView.swift in Sources */,
				44C019842767E5DB001E4A4A /* CelsiusToFahrenheitView.swift in Sources */,
				44DBC3162766C75B000A45C8 /* OutputValueView.swift in Sources */,
				44DBC31A2766C7E9000A45C8 /* ParallelogramView.swift in Sources */,
				44DBC3222766C8D8000A45C8 /* FiguresListView.swift in Sources */,
				4A2D9D4827BC13E10034DB52 /* AnswerTextView.swift in Sources */,
				4A19550927BDCE7800BB367A /* LottieView.swift in Sources */,
				44F6FE7A2764F31F00D679E1 /* FlashCardsView.swift in Sources */,
				44DBC3202766C890000A45C8 /* SliderValueView.swift in Sources */,
				4A2D9D4927BC13E10034DB52 /* QuestionPresentationView.swift in Sources */,
				4A2D9D5627BC172B0034DB52 /* ArithmaticAceTabView.swift in Sources */,
				4A2D9D4A27BC13E10034DB52 /* AnswerAndResultView.swift in Sources */,
				44DBC3282766C921000A45C8 /* CircleView.swift in Sources */,
				4498386D27664CF500F88177 /* NavigationListView.swift in Sources */,
				44F6461C2767F53200E56AB2 /* GuessingGame.swift in Sources */,
				4A2D9D5027BC13FC0034DB52 /* MultiplicationView.swift in Sources */,
				4A2D9D5127BC13FC0034DB52 /* AdditionView.swift in Sources */,
				44DBC3262766C90D000A45C8 /* SphereView.swift in Sources */,
				44DBC31C2766C822000A45C8 /* DiagramView.swift in Sources */,
				44F6FE4F2764F1C200D679E1 /* MacOSAppApp.swift in Sources */,
				4A2D9D5227BC13FC0034DB52 /* SubtractionView.swift in Sources */,
				4A2D9D5327BC13FC0034DB52 /* DivisionView.swift in Sources */,
			);
			runOnlyForDeploymentPostprocessing = 0;
		};
/* End PBXSourcesBuildPhase section */

/* Begin XCBuildConfiguration section */
		44F6FE582764F1C400D679E1 /* Debug */ = {
			isa = XCBuildConfiguration;
			buildSettings = {
				ALWAYS_SEARCH_USER_PATHS = NO;
				CLANG_ANALYZER_NONNULL = YES;
				CLANG_ANALYZER_NUMBER_OBJECT_CONVERSION = YES_AGGRESSIVE;
				CLANG_CXX_LANGUAGE_STANDARD = "gnu++17";
				CLANG_CXX_LIBRARY = "libc++";
				CLANG_ENABLE_MODULES = YES;
				CLANG_ENABLE_OBJC_ARC = YES;
				CLANG_ENABLE_OBJC_WEAK = YES;
				CLANG_WARN_BLOCK_CAPTURE_AUTORELEASING = YES;
				CLANG_WARN_BOOL_CONVERSION = YES;
				CLANG_WARN_COMMA = YES;
				CLANG_WARN_CONSTANT_CONVERSION = YES;
				CLANG_WARN_DEPRECATED_OBJC_IMPLEMENTATIONS = YES;
				CLANG_WARN_DIRECT_OBJC_ISA_USAGE = YES_ERROR;
				CLANG_WARN_DOCUMENTATION_COMMENTS = YES;
				CLANG_WARN_EMPTY_BODY = YES;
				CLANG_WARN_ENUM_CONVERSION = YES;
				CLANG_WARN_INFINITE_RECURSION = YES;
				CLANG_WARN_INT_CONVERSION = YES;
				CLANG_WARN_NON_LITERAL_NULL_CONVERSION = YES;
				CLANG_WARN_OBJC_IMPLICIT_RETAIN_SELF = YES;
				CLANG_WARN_OBJC_LITERAL_CONVERSION = YES;
				CLANG_WARN_OBJC_ROOT_CLASS = YES_ERROR;
				CLANG_WARN_QUOTED_INCLUDE_IN_FRAMEWORK_HEADER = YES;
				CLANG_WARN_RANGE_LOOP_ANALYSIS = YES;
				CLANG_WARN_STRICT_PROTOTYPES = YES;
				CLANG_WARN_SUSPICIOUS_MOVE = YES;
				CLANG_WARN_UNGUARDED_AVAILABILITY = YES_AGGRESSIVE;
				CLANG_WARN_UNREACHABLE_CODE = YES;
				CLANG_WARN__DUPLICATE_METHOD_MATCH = YES;
				COPY_PHASE_STRIP = NO;
				DEBUG_INFORMATION_FORMAT = dwarf;
				ENABLE_STRICT_OBJC_MSGSEND = YES;
				ENABLE_TESTABILITY = YES;
				GCC_C_LANGUAGE_STANDARD = gnu11;
				GCC_DYNAMIC_NO_PIC = NO;
				GCC_NO_COMMON_BLOCKS = YES;
				GCC_OPTIMIZATION_LEVEL = 0;
				GCC_PREPROCESSOR_DEFINITIONS = (
					"DEBUG=1",
					"$(inherited)",
				);
				GCC_WARN_64_TO_32_BIT_CONVERSION = YES;
				GCC_WARN_ABOUT_RETURN_TYPE = YES_ERROR;
				GCC_WARN_UNDECLARED_SELECTOR = YES;
				GCC_WARN_UNINITIALIZED_AUTOS = YES_AGGRESSIVE;
				GCC_WARN_UNUSED_FUNCTION = YES;
				GCC_WARN_UNUSED_VARIABLE = YES;
				MACOSX_DEPLOYMENT_TARGET = 12.0;
				MTL_ENABLE_DEBUG_INFO = INCLUDE_SOURCE;
				MTL_FAST_MATH = YES;
				ONLY_ACTIVE_ARCH = YES;
				SDKROOT = macosx;
				SWIFT_ACTIVE_COMPILATION_CONDITIONS = DEBUG;
				SWIFT_OPTIMIZATION_LEVEL = "-Onone";
			};
			name = Debug;
		};
		44F6FE592764F1C400D679E1 /* Release */ = {
			isa = XCBuildConfiguration;
			buildSettings = {
				ALWAYS_SEARCH_USER_PATHS = NO;
				CLANG_ANALYZER_NONNULL = YES;
				CLANG_ANALYZER_NUMBER_OBJECT_CONVERSION = YES_AGGRESSIVE;
				CLANG_CXX_LANGUAGE_STANDARD = "gnu++17";
				CLANG_CXX_LIBRARY = "libc++";
				CLANG_ENABLE_MODULES = YES;
				CLANG_ENABLE_OBJC_ARC = YES;
				CLANG_ENABLE_OBJC_WEAK = YES;
				CLANG_WARN_BLOCK_CAPTURE_AUTORELEASING = YES;
				CLANG_WARN_BOOL_CONVERSION = YES;
				CLANG_WARN_COMMA = YES;
				CLANG_WARN_CONSTANT_CONVERSION = YES;
				CLANG_WARN_DEPRECATED_OBJC_IMPLEMENTATIONS = YES;
				CLANG_WARN_DIRECT_OBJC_ISA_USAGE = YES_ERROR;
				CLANG_WARN_DOCUMENTATION_COMMENTS = YES;
				CLANG_WARN_EMPTY_BODY = YES;
				CLANG_WARN_ENUM_CONVERSION = YES;
				CLANG_WARN_INFINITE_RECURSION = YES;
				CLANG_WARN_INT_CONVERSION = YES;
				CLANG_WARN_NON_LITERAL_NULL_CONVERSION = YES;
				CLANG_WARN_OBJC_IMPLICIT_RETAIN_SELF = YES;
				CLANG_WARN_OBJC_LITERAL_CONVERSION = YES;
				CLANG_WARN_OBJC_ROOT_CLASS = YES_ERROR;
				CLANG_WARN_QUOTED_INCLUDE_IN_FRAMEWORK_HEADER = YES;
				CLANG_WARN_RANGE_LOOP_ANALYSIS = YES;
				CLANG_WARN_STRICT_PROTOTYPES = YES;
				CLANG_WARN_SUSPICIOUS_MOVE = YES;
				CLANG_WARN_UNGUARDED_AVAILABILITY = YES_AGGRESSIVE;
				CLANG_WARN_UNREACHABLE_CODE = YES;
				CLANG_WARN__DUPLICATE_METHOD_MATCH = YES;
				COPY_PHASE_STRIP = NO;
				DEBUG_INFORMATION_FORMAT = "dwarf-with-dsym";
				ENABLE_NS_ASSERTIONS = NO;
				ENABLE_STRICT_OBJC_MSGSEND = YES;
				GCC_C_LANGUAGE_STANDARD = gnu11;
				GCC_NO_COMMON_BLOCKS = YES;
				GCC_WARN_64_TO_32_BIT_CONVERSION = YES;
				GCC_WARN_ABOUT_RETURN_TYPE = YES_ERROR;
				GCC_WARN_UNDECLARED_SELECTOR = YES;
				GCC_WARN_UNINITIALIZED_AUTOS = YES_AGGRESSIVE;
				GCC_WARN_UNUSED_FUNCTION = YES;
				GCC_WARN_UNUSED_VARIABLE = YES;
				MACOSX_DEPLOYMENT_TARGET = 12.0;
				MTL_ENABLE_DEBUG_INFO = NO;
				MTL_FAST_MATH = YES;
				SDKROOT = macosx;
				SWIFT_COMPILATION_MODE = wholemodule;
				SWIFT_OPTIMIZATION_LEVEL = "-O";
			};
			name = Release;
		};
		44F6FE5B2764F1C400D679E1 /* Debug */ = {
			isa = XCBuildConfiguration;
			buildSettings = {
				ASSETCATALOG_COMPILER_APPICON_NAME = AppIcon;
				ASSETCATALOG_COMPILER_GLOBAL_ACCENT_COLOR_NAME = AccentColor;
				CODE_SIGN_ENTITLEMENTS = MacOSApp/MacOSApp.entitlements;
				CODE_SIGN_STYLE = Automatic;
				COMBINE_HIDPI_IMAGES = YES;
				CURRENT_PROJECT_VERSION = 1;
				DEVELOPMENT_ASSET_PATHS = "\"MacOSApp/Preview Content\"";
				DEVELOPMENT_TEAM = L8QA2F2KYK;
				ENABLE_HARDENED_RUNTIME = YES;
				ENABLE_PREVIEWS = YES;
				GENERATE_INFOPLIST_FILE = YES;
				INFOPLIST_KEY_NSHumanReadableCopyright = "";
				LD_RUNPATH_SEARCH_PATHS = (
					"$(inherited)",
					"@executable_path/../Frameworks",
				);
				MARKETING_VERSION = 1.0;
				PRODUCT_BUNDLE_IDENTIFIER = ca.nathansmith.MacOSApp;
				PRODUCT_NAME = "$(TARGET_NAME)";
				SWIFT_EMIT_LOC_STRINGS = YES;
				SWIFT_VERSION = 5.0;
			};
			name = Debug;
		};
		44F6FE5C2764F1C400D679E1 /* Release */ = {
			isa = XCBuildConfiguration;
			buildSettings = {
				ASSETCATALOG_COMPILER_APPICON_NAME = AppIcon;
				ASSETCATALOG_COMPILER_GLOBAL_ACCENT_COLOR_NAME = AccentColor;
				CODE_SIGN_ENTITLEMENTS = MacOSApp/MacOSApp.entitlements;
				CODE_SIGN_STYLE = Automatic;
				COMBINE_HIDPI_IMAGES = YES;
				CURRENT_PROJECT_VERSION = 1;
				DEVELOPMENT_ASSET_PATHS = "\"MacOSApp/Preview Content\"";
				DEVELOPMENT_TEAM = L8QA2F2KYK;
				ENABLE_HARDENED_RUNTIME = YES;
				ENABLE_PREVIEWS = YES;
				GENERATE_INFOPLIST_FILE = YES;
				INFOPLIST_KEY_NSHumanReadableCopyright = "";
				LD_RUNPATH_SEARCH_PATHS = (
					"$(inherited)",
					"@executable_path/../Frameworks",
				);
				MARKETING_VERSION = 1.0;
				PRODUCT_BUNDLE_IDENTIFIER = ca.nathansmith.MacOSApp;
				PRODUCT_NAME = "$(TARGET_NAME)";
				SWIFT_EMIT_LOC_STRINGS = YES;
				SWIFT_VERSION = 5.0;
			};
			name = Release;
		};
/* End XCBuildConfiguration section */

/* Begin XCConfigurationList section */
		44F6FE462764F1C200D679E1 /* Build configuration list for PBXProject "MacOSApp" */ = {
			isa = XCConfigurationList;
			buildConfigurations = (
				44F6FE582764F1C400D679E1 /* Debug */,
				44F6FE592764F1C400D679E1 /* Release */,
			);
			defaultConfigurationIsVisible = 0;
			defaultConfigurationName = Release;
		};
		44F6FE5A2764F1C400D679E1 /* Build configuration list for PBXNativeTarget "MacOSApp" */ = {
			isa = XCConfigurationList;
			buildConfigurations = (
				44F6FE5B2764F1C400D679E1 /* Debug */,
				44F6FE5C2764F1C400D679E1 /* Release */,
			);
			defaultConfigurationIsVisible = 0;
			defaultConfigurationName = Release;
		};
/* End XCConfigurationList section */

/* Begin XCRemoteSwiftPackageReference section */
		4AE87FC727B429E100A55DEB /* XCRemoteSwiftPackageReference "lottie-ios" */ = {
			isa = XCRemoteSwiftPackageReference;
			repositoryURL = "https://github.com/airbnb/lottie-ios";
			requirement = {
				branch = master;
				kind = branch;
			};
		};
/* End XCRemoteSwiftPackageReference section */

/* Begin XCSwiftPackageProductDependency section */
		4AE87FC827B429E100A55DEB /* Lottie */ = {
			isa = XCSwiftPackageProductDependency;
			package = 4AE87FC727B429E100A55DEB /* XCRemoteSwiftPackageReference "lottie-ios" */;
			productName = Lottie;
		};
/* End XCSwiftPackageProductDependency section */
	};
	rootObject = 44F6FE432764F1C200D679E1 /* Project object */;
}
